PODS:
  - CYFFmpeg (0.1.9)
  - Masonry (1.1.0)
  - NSLogger (1.9.7):
    - NSLogger/ObjC (= 1.9.7)
  - NSLogger/ObjC (1.9.7)

DEPENDENCIES:
  - CYFFmpeg
  - Masonry
  - NSLogger

SPEC REPOS:
  https://github.com/CocoaPods/Specs.git:
    - CYFFmpeg
    - Masonry
    - NSLogger

SPEC CHECKSUMS:
  CYFFmpeg: 20f98e99eb19d03e8861f24c6776b352bebf635c
  Masonry: 678fab65091a9290e40e2832a55e7ab731aad201
  NSLogger: cf3013a4fba189f631f07e6c3d5b8ce2b209654b

PODFILE CHECKSUM: 801f5be653f0e072a22a844ac19d1aea2c2747f6

COCOAPODS: 1.9.0.beta.2
